
Microsoft Visual Studio Solution File, Format Version 12.00
# Visual Studio Version 17
VisualStudioVersion = 17.5.33502.453
MinimumVisualStudioVersion = 10.0.40219.1
Project("{FAE04EC0-301F-11D3-BF4B-00C04F79EFBC}") = "TopluMail", "TopluMail\TopluMail.csproj", "{346BC407-3A07-4825-8B00-75EF427A24D8}"
EndProject
Global
	GlobalSection(SolutionConfigurationPlatforms) = preSolution
		Debug|Any CPU = Debug|Any CPU
		Release|Any CPU = Release|Any CPU
	EndGlobalSection
	GlobalSection(ProjectConfigurationPlatforms) = postSolution
		{346BC407-3A07-4825-8B00-75EF427A24D8}.Debug|Any CPU.ActiveCfg = Debug|Any CPU
		{346BC407-3A07-4825-8B00-75EF427A24D8}.Debug|Any CPU.Build.0 = Debug|Any CPU
		{346BC407-3A07-4825-8B00-75EF427A24D8}.Release|Any CPU.ActiveCfg = Release|Any CPU
		{346BC407-3A07-4825-8B00-75EF427A24D8}.Release|Any CPU.Build.0 = Release|Any CPU
	EndGlobalSection
	GlobalSection(SolutionProperties) = preSolution
		HideSolutionNode = FALSE
	EndGlobalSection
	GlobalSection(ExtensibilityGlobals) = postSolution
		SolutionGuid = {A76E2FFB-D100-497B-8647-A0CCA3299655}
	EndGlobalSection
EndGlobal
